github.com/ambitiousfew/intracom v0.9.5 h1:jqdOYax3tBaXrnuwFfs1pPDtxWPjtYFS3JEtrRgMTRc=
github.com/ambitiousfew/intracom v0.9.5/go.mod h1:IPK6RWkBhy8fO0JjOxy/81JG3pQlyXbckt5HYpKQlQ0=
github.com/ambitiousfew/intracom v0.9.6 h1:xNTYs/W1kCYEyfl7h/tcv88xZUVgHC2/h+RMhgaTLU4=
github.com/ambitiousfew/intracom v0.9.6/go.mod h1:IPK6RWkBhy8fO0JjOxy/81JG3pQlyXbckt5HYpKQlQ0=
